
Microsoft Visual Studio Solution File, Format Version 12.00
# Visual Studio Version 17
VisualStudioVersion = 17.0.31903.59
MinimumVisualStudioVersion = 10.0.40219.1
Project("{2150E333-8FDC-42A3-9474-1A3956D46DE8}") = "infra", "infra", "{30258541-D0D8-F3FD-D559-E63D6BF074C2}"
EndProject
Project("{2150E333-8FDC-42A3-9474-1A3956D46DE8}") = "src", "src", "{A7A29C3B-0548-F4CF-837C-0B4F685C9410}"
EndProject
Project("{FAE04EC0-301F-11D3-BF4B-00C04F79EFBC}") = "Infra", "infra\src\Infra\Infra.csproj", "{3A2BE582-DD45-4243-8553-B996A1BE1F3A}"
EndProject
Project("{2150E333-8FDC-42A3-9474-1A3956D46DE8}") = "lambdas", "lambdas", "{F6B1647C-7349-B0FF-4920-3CCD5A62CE69}"
EndProject
Project("{FAE04EC0-301F-11D3-BF4B-00C04F79EFBC}") = "CreatePerson", "lambdas\CreatePerson\src\CreatePerson.csproj", "{A08BE845-B69D-4A38-9006-B94A2742402F}"
EndProject
Project("{FAE04EC0-301F-11D3-BF4B-00C04F79EFBC}") = "ListPerson", "lambdas\ListPersons\src\ListPerson.csproj", "{48E4BAF1-8EA6-4A61-881F-5A1C703512F0}"
EndProject
Project("{FAE04EC0-301F-11D3-BF4B-00C04F79EFBC}") = "PersonService.Shared", "lambdas\shared\PersonService.Shared\PersonService.Shared.csproj", "{79F8BDAD-C54B-48C5-B79B-1FFCCE4B476A}"
EndProject
Project("{FAE04EC0-301F-11D3-BF4B-00C04F79EFBC}") = "CreatePerson.Unit.Tests", "lambdas\CreatePerson\test\CreatePerson.Unit.Tests\CreatePerson.Unit.Tests.csproj", "{A9380EFB-3E8F-41D9-B3DA-9FE2DE4F3D96}"
EndProject
Project("{FAE04EC0-301F-11D3-BF4B-00C04F79EFBC}") = "CreatePerson.Integration.Tests", "lambdas\CreatePerson\test\CreatePerson.Integration.Tests\CreatePerson.Integration.Tests\CreatePerson.Integration.Tests.csproj", "{4ABD0A84-51DD-4EA9-9B60-EA0D0FC9C38D}"
EndProject
Project("{2150E333-8FDC-42A3-9474-1A3956D46DE8}") = "Create", "Create", "{7C424A6C-0D80-4501-B252-AC7D0DC94CDA}"
EndProject
Project("{2150E333-8FDC-42A3-9474-1A3956D46DE8}") = "Tests", "Tests", "{0BA6B9C9-C7B0-472E-AF9D-0D5327807B92}"
EndProject
Project("{2150E333-8FDC-42A3-9474-1A3956D46DE8}") = "List", "List", "{962BE2C8-662D-48FF-B251-875FF5236C3A}"
EndProject
Project("{2150E333-8FDC-42A3-9474-1A3956D46DE8}") = "Tests", "Tests", "{F5AB39FC-82E3-4E77-B591-E6F3E6DC9759}"
EndProject
Project("{FAE04EC0-301F-11D3-BF4B-00C04F79EFBC}") = "ListPersons.Unit.Tests", "lambdas\ListPersons\test\ListPersons.Unit.Tests\ListPersons.Unit.Tests.csproj", "{043BC64A-7B68-4D81-A602-4A5545FAE0E1}"
EndProject
Project("{FAE04EC0-301F-11D3-BF4B-00C04F79EFBC}") = "ListPersons.Integration.Tests", "lambdas\ListPersons\test\ListPersons.Integration.Tests\ListPersons.Integration.Tests.csproj", "{91841A51-B6A4-477A-B69E-C546A2E1E058}"
EndProject
Project("{2150E333-8FDC-42A3-9474-1A3956D46DE8}") = "Outbox", "Outbox", "{CE689F4F-DB2C-4C3F-A594-FED3B8CA7D40}"
EndProject
Project("{FAE04EC0-301F-11D3-BF4B-00C04F79EFBC}") = "OutboxPublisherFunction", "lambdas\OutboxPublisher\src\OutboxPublisherFunction\src\OutboxPublisherFunction\OutboxPublisherFunction.csproj", "{F304D325-FE25-4068-BE02-9301B1F01101}"
EndProject
Project("{2150E333-8FDC-42A3-9474-1A3956D46DE8}") = "Tests", "Tests", "{315BEEED-445B-40A7-8149-4179AB01A549}"
EndProject
Project("{FAE04EC0-301F-11D3-BF4B-00C04F79EFBC}") = "OutboxPublisher.Unit.Tests", "lambdas\OutboxPublisher\tests\OutboxPublisher.Unit.Tests\OutboxPublisher.Unit.Tests.csproj", "{DEE97DF3-B972-47A9-B425-222162E29F3A}"
EndProject
Project("{FAE04EC0-301F-11D3-BF4B-00C04F79EFBC}") = "OutboxPublisher.Integration.Tests", "lambdas\OutboxPublisher\tests\OutboxPublisher.Integration.Tests\OutboxPublisher.Integration.Tests.csproj", "{6595C37B-E937-4963-B69D-BF2D9F1132DC}"
EndProject
Global
	GlobalSection(SolutionConfigurationPlatforms) = preSolution
		Debug|Any CPU = Debug|Any CPU
		Debug|x64 = Debug|x64
		Debug|x86 = Debug|x86
		Release|Any CPU = Release|Any CPU
		Release|x64 = Release|x64
		Release|x86 = Release|x86
	EndGlobalSection
	GlobalSection(ProjectConfigurationPlatforms) = postSolution
		{3A2BE582-DD45-4243-8553-B996A1BE1F3A}.Debug|Any CPU.ActiveCfg = Debug|Any CPU
		{3A2BE582-DD45-4243-8553-B996A1BE1F3A}.Debug|Any CPU.Build.0 = Debug|Any CPU
		{3A2BE582-DD45-4243-8553-B996A1BE1F3A}.Debug|x64.ActiveCfg = Debug|Any CPU
		{3A2BE582-DD45-4243-8553-B996A1BE1F3A}.Debug|x64.Build.0 = Debug|Any CPU
		{3A2BE582-DD45-4243-8553-B996A1BE1F3A}.Debug|x86.ActiveCfg = Debug|Any CPU
		{3A2BE582-DD45-4243-8553-B996A1BE1F3A}.Debug|x86.Build.0 = Debug|Any CPU
		{3A2BE582-DD45-4243-8553-B996A1BE1F3A}.Release|Any CPU.ActiveCfg = Release|Any CPU
		{3A2BE582-DD45-4243-8553-B996A1BE1F3A}.Release|Any CPU.Build.0 = Release|Any CPU
		{3A2BE582-DD45-4243-8553-B996A1BE1F3A}.Release|x64.ActiveCfg = Release|Any CPU
		{3A2BE582-DD45-4243-8553-B996A1BE1F3A}.Release|x64.Build.0 = Release|Any CPU
		{3A2BE582-DD45-4243-8553-B996A1BE1F3A}.Release|x86.ActiveCfg = Release|Any CPU
		{3A2BE582-DD45-4243-8553-B996A1BE1F3A}.Release|x86.Build.0 = Release|Any CPU
		{A08BE845-B69D-4A38-9006-B94A2742402F}.Debug|Any CPU.ActiveCfg = Debug|Any CPU
		{A08BE845-B69D-4A38-9006-B94A2742402F}.Debug|Any CPU.Build.0 = Debug|Any CPU
		{A08BE845-B69D-4A38-9006-B94A2742402F}.Debug|x64.ActiveCfg = Debug|Any CPU
		{A08BE845-B69D-4A38-9006-B94A2742402F}.Debug|x64.Build.0 = Debug|Any CPU
		{A08BE845-B69D-4A38-9006-B94A2742402F}.Debug|x86.ActiveCfg = Debug|Any CPU
		{A08BE845-B69D-4A38-9006-B94A2742402F}.Debug|x86.Build.0 = Debug|Any CPU
		{A08BE845-B69D-4A38-9006-B94A2742402F}.Release|Any CPU.ActiveCfg = Release|Any CPU
		{A08BE845-B69D-4A38-9006-B94A2742402F}.Release|Any CPU.Build.0 = Release|Any CPU
		{A08BE845-B69D-4A38-9006-B94A2742402F}.Release|x64.ActiveCfg = Release|Any CPU
		{A08BE845-B69D-4A38-9006-B94A2742402F}.Release|x64.Build.0 = Release|Any CPU
		{A08BE845-B69D-4A38-9006-B94A2742402F}.Release|x86.ActiveCfg = Release|Any CPU
		{A08BE845-B69D-4A38-9006-B94A2742402F}.Release|x86.Build.0 = Release|Any CPU
		{48E4BAF1-8EA6-4A61-881F-5A1C703512F0}.Debug|Any CPU.ActiveCfg = Debug|Any CPU
		{48E4BAF1-8EA6-4A61-881F-5A1C703512F0}.Debug|Any CPU.Build.0 = Debug|Any CPU
		{48E4BAF1-8EA6-4A61-881F-5A1C703512F0}.Debug|x64.ActiveCfg = Debug|Any CPU
		{48E4BAF1-8EA6-4A61-881F-5A1C703512F0}.Debug|x64.Build.0 = Debug|Any CPU
		{48E4BAF1-8EA6-4A61-881F-5A1C703512F0}.Debug|x86.ActiveCfg = Debug|Any CPU
		{48E4BAF1-8EA6-4A61-881F-5A1C703512F0}.Debug|x86.Build.0 = Debug|Any CPU
		{48E4BAF1-8EA6-4A61-881F-5A1C703512F0}.Release|Any CPU.ActiveCfg = Release|Any CPU
		{48E4BAF1-8EA6-4A61-881F-5A1C703512F0}.Release|Any CPU.Build.0 = Release|Any CPU
		{48E4BAF1-8EA6-4A61-881F-5A1C703512F0}.Release|x64.ActiveCfg = Release|Any CPU
		{48E4BAF1-8EA6-4A61-881F-5A1C703512F0}.Release|x64.Build.0 = Release|Any CPU
		{48E4BAF1-8EA6-4A61-881F-5A1C703512F0}.Release|x86.ActiveCfg = Release|Any CPU
		{48E4BAF1-8EA6-4A61-881F-5A1C703512F0}.Release|x86.Build.0 = Release|Any CPU
		{79F8BDAD-C54B-48C5-B79B-1FFCCE4B476A}.Debug|Any CPU.ActiveCfg = Debug|Any CPU
		{79F8BDAD-C54B-48C5-B79B-1FFCCE4B476A}.Debug|Any CPU.Build.0 = Debug|Any CPU
		{79F8BDAD-C54B-48C5-B79B-1FFCCE4B476A}.Debug|x64.ActiveCfg = Debug|Any CPU
		{79F8BDAD-C54B-48C5-B79B-1FFCCE4B476A}.Debug|x64.Build.0 = Debug|Any CPU
		{79F8BDAD-C54B-48C5-B79B-1FFCCE4B476A}.Debug|x86.ActiveCfg = Debug|Any CPU
		{79F8BDAD-C54B-48C5-B79B-1FFCCE4B476A}.Debug|x86.Build.0 = Debug|Any CPU
		{79F8BDAD-C54B-48C5-B79B-1FFCCE4B476A}.Release|Any CPU.ActiveCfg = Release|Any CPU
		{79F8BDAD-C54B-48C5-B79B-1FFCCE4B476A}.Release|Any CPU.Build.0 = Release|Any CPU
		{79F8BDAD-C54B-48C5-B79B-1FFCCE4B476A}.Release|x64.ActiveCfg = Release|Any CPU
		{79F8BDAD-C54B-48C5-B79B-1FFCCE4B476A}.Release|x64.Build.0 = Release|Any CPU
		{79F8BDAD-C54B-48C5-B79B-1FFCCE4B476A}.Release|x86.ActiveCfg = Release|Any CPU
		{79F8BDAD-C54B-48C5-B79B-1FFCCE4B476A}.Release|x86.Build.0 = Release|Any CPU
		{A9380EFB-3E8F-41D9-B3DA-9FE2DE4F3D96}.Debug|Any CPU.ActiveCfg = Debug|Any CPU
		{A9380EFB-3E8F-41D9-B3DA-9FE2DE4F3D96}.Debug|Any CPU.Build.0 = Debug|Any CPU
		{A9380EFB-3E8F-41D9-B3DA-9FE2DE4F3D96}.Debug|x64.ActiveCfg = Debug|Any CPU
		{A9380EFB-3E8F-41D9-B3DA-9FE2DE4F3D96}.Debug|x64.Build.0 = Debug|Any CPU
		{A9380EFB-3E8F-41D9-B3DA-9FE2DE4F3D96}.Debug|x86.ActiveCfg = Debug|Any CPU
		{A9380EFB-3E8F-41D9-B3DA-9FE2DE4F3D96}.Debug|x86.Build.0 = Debug|Any CPU
		{A9380EFB-3E8F-41D9-B3DA-9FE2DE4F3D96}.Release|Any CPU.ActiveCfg = Release|Any CPU
		{A9380EFB-3E8F-41D9-B3DA-9FE2DE4F3D96}.Release|Any CPU.Build.0 = Release|Any CPU
		{A9380EFB-3E8F-41D9-B3DA-9FE2DE4F3D96}.Release|x64.ActiveCfg = Release|Any CPU
		{A9380EFB-3E8F-41D9-B3DA-9FE2DE4F3D96}.Release|x64.Build.0 = Release|Any CPU
		{A9380EFB-3E8F-41D9-B3DA-9FE2DE4F3D96}.Release|x86.ActiveCfg = Release|Any CPU
		{A9380EFB-3E8F-41D9-B3DA-9FE2DE4F3D96}.Release|x86.Build.0 = Release|Any CPU
		{4ABD0A84-51DD-4EA9-9B60-EA0D0FC9C38D}.Debug|Any CPU.ActiveCfg = Debug|Any CPU
		{4ABD0A84-51DD-4EA9-9B60-EA0D0FC9C38D}.Debug|Any CPU.Build.0 = Debug|Any CPU
		{4ABD0A84-51DD-4EA9-9B60-EA0D0FC9C38D}.Debug|x64.ActiveCfg = Debug|Any CPU
		{4ABD0A84-51DD-4EA9-9B60-EA0D0FC9C38D}.Debug|x64.Build.0 = Debug|Any CPU
		{4ABD0A84-51DD-4EA9-9B60-EA0D0FC9C38D}.Debug|x86.ActiveCfg = Debug|Any CPU
		{4ABD0A84-51DD-4EA9-9B60-EA0D0FC9C38D}.Debug|x86.Build.0 = Debug|Any CPU
		{4ABD0A84-51DD-4EA9-9B60-EA0D0FC9C38D}.Release|Any CPU.ActiveCfg = Release|Any CPU
		{4ABD0A84-51DD-4EA9-9B60-EA0D0FC9C38D}.Release|Any CPU.Build.0 = Release|Any CPU
		{4ABD0A84-51DD-4EA9-9B60-EA0D0FC9C38D}.Release|x64.ActiveCfg = Release|Any CPU
		{4ABD0A84-51DD-4EA9-9B60-EA0D0FC9C38D}.Release|x64.Build.0 = Release|Any CPU
		{4ABD0A84-51DD-4EA9-9B60-EA0D0FC9C38D}.Release|x86.ActiveCfg = Release|Any CPU
		{4ABD0A84-51DD-4EA9-9B60-EA0D0FC9C38D}.Release|x86.Build.0 = Release|Any CPU
		{043BC64A-7B68-4D81-A602-4A5545FAE0E1}.Debug|Any CPU.ActiveCfg = Debug|Any CPU
		{043BC64A-7B68-4D81-A602-4A5545FAE0E1}.Debug|Any CPU.Build.0 = Debug|Any CPU
		{043BC64A-7B68-4D81-A602-4A5545FAE0E1}.Debug|x64.ActiveCfg = Debug|Any CPU
		{043BC64A-7B68-4D81-A602-4A5545FAE0E1}.Debug|x64.Build.0 = Debug|Any CPU
		{043BC64A-7B68-4D81-A602-4A5545FAE0E1}.Debug|x86.ActiveCfg = Debug|Any CPU
		{043BC64A-7B68-4D81-A602-4A5545FAE0E1}.Debug|x86.Build.0 = Debug|Any CPU
		{043BC64A-7B68-4D81-A602-4A5545FAE0E1}.Release|Any CPU.ActiveCfg = Release|Any CPU
		{043BC64A-7B68-4D81-A602-4A5545FAE0E1}.Release|Any CPU.Build.0 = Release|Any CPU
		{043BC64A-7B68-4D81-A602-4A5545FAE0E1}.Release|x64.ActiveCfg = Release|Any CPU
		{043BC64A-7B68-4D81-A602-4A5545FAE0E1}.Release|x64.Build.0 = Release|Any CPU
		{043BC64A-7B68-4D81-A602-4A5545FAE0E1}.Release|x86.ActiveCfg = Release|Any CPU
		{043BC64A-7B68-4D81-A602-4A5545FAE0E1}.Release|x86.Build.0 = Release|Any CPU
		{91841A51-B6A4-477A-B69E-C546A2E1E058}.Debug|Any CPU.ActiveCfg = Debug|Any CPU
		{91841A51-B6A4-477A-B69E-C546A2E1E058}.Debug|Any CPU.Build.0 = Debug|Any CPU
		{91841A51-B6A4-477A-B69E-C546A2E1E058}.Debug|x64.ActiveCfg = Debug|Any CPU
		{91841A51-B6A4-477A-B69E-C546A2E1E058}.Debug|x64.Build.0 = Debug|Any CPU
		{91841A51-B6A4-477A-B69E-C546A2E1E058}.Debug|x86.ActiveCfg = Debug|Any CPU
		{91841A51-B6A4-477A-B69E-C546A2E1E058}.Debug|x86.Build.0 = Debug|Any CPU
		{91841A51-B6A4-477A-B69E-C546A2E1E058}.Release|Any CPU.ActiveCfg = Release|Any CPU
		{91841A51-B6A4-477A-B69E-C546A2E1E058}.Release|Any CPU.Build.0 = Release|Any CPU
		{91841A51-B6A4-477A-B69E-C546A2E1E058}.Release|x64.ActiveCfg = Release|Any CPU
		{91841A51-B6A4-477A-B69E-C546A2E1E058}.Release|x64.Build.0 = Release|Any CPU
		{91841A51-B6A4-477A-B69E-C546A2E1E058}.Release|x86.ActiveCfg = Release|Any CPU
		{91841A51-B6A4-477A-B69E-C546A2E1E058}.Release|x86.Build.0 = Release|Any CPU
		{F304D325-FE25-4068-BE02-9301B1F01101}.Debug|Any CPU.ActiveCfg = Debug|Any CPU
		{F304D325-FE25-4068-BE02-9301B1F01101}.Debug|Any CPU.Build.0 = Debug|Any CPU
		{F304D325-FE25-4068-BE02-9301B1F01101}.Debug|x64.ActiveCfg = Debug|Any CPU
		{F304D325-FE25-4068-BE02-9301B1F01101}.Debug|x64.Build.0 = Debug|Any CPU
		{F304D325-FE25-4068-BE02-9301B1F01101}.Debug|x86.ActiveCfg = Debug|Any CPU
		{F304D325-FE25-4068-BE02-9301B1F01101}.Debug|x86.Build.0 = Debug|Any CPU
		{F304D325-FE25-4068-BE02-9301B1F01101}.Release|Any CPU.ActiveCfg = Release|Any CPU
		{F304D325-FE25-4068-BE02-9301B1F01101}.Release|Any CPU.Build.0 = Release|Any CPU
		{F304D325-FE25-4068-BE02-9301B1F01101}.Release|x64.ActiveCfg = Release|Any CPU
		{F304D325-FE25-4068-BE02-9301B1F01101}.Release|x64.Build.0 = Release|Any CPU
		{F304D325-FE25-4068-BE02-9301B1F01101}.Release|x86.ActiveCfg = Release|Any CPU
		{F304D325-FE25-4068-BE02-9301B1F01101}.Release|x86.Build.0 = Release|Any CPU
		{DEE97DF3-B972-47A9-B425-222162E29F3A}.Debug|Any CPU.ActiveCfg = Debug|Any CPU
		{DEE97DF3-B972-47A9-B425-222162E29F3A}.Debug|Any CPU.Build.0 = Debug|Any CPU
		{DEE97DF3-B972-47A9-B425-222162E29F3A}.Debug|x64.ActiveCfg = Debug|Any CPU
		{DEE97DF3-B972-47A9-B425-222162E29F3A}.Debug|x64.Build.0 = Debug|Any CPU
		{DEE97DF3-B972-47A9-B425-222162E29F3A}.Debug|x86.ActiveCfg = Debug|Any CPU
		{DEE97DF3-B972-47A9-B425-222162E29F3A}.Debug|x86.Build.0 = Debug|Any CPU
		{DEE97DF3-B972-47A9-B425-222162E29F3A}.Release|Any CPU.ActiveCfg = Release|Any CPU
		{DEE97DF3-B972-47A9-B425-222162E29F3A}.Release|Any CPU.Build.0 = Release|Any CPU
		{DEE97DF3-B972-47A9-B425-222162E29F3A}.Release|x64.ActiveCfg = Release|Any CPU
		{DEE97DF3-B972-47A9-B425-222162E29F3A}.Release|x64.Build.0 = Release|Any CPU
		{DEE97DF3-B972-47A9-B425-222162E29F3A}.Release|x86.ActiveCfg = Release|Any CPU
		{DEE97DF3-B972-47A9-B425-222162E29F3A}.Release|x86.Build.0 = Release|Any CPU
		{6595C37B-E937-4963-B69D-BF2D9F1132DC}.Debug|Any CPU.ActiveCfg = Debug|Any CPU
		{6595C37B-E937-4963-B69D-BF2D9F1132DC}.Debug|Any CPU.Build.0 = Debug|Any CPU
		{6595C37B-E937-4963-B69D-BF2D9F1132DC}.Debug|x64.ActiveCfg = Debug|Any CPU
		{6595C37B-E937-4963-B69D-BF2D9F1132DC}.Debug|x64.Build.0 = Debug|Any CPU
		{6595C37B-E937-4963-B69D-BF2D9F1132DC}.Debug|x86.ActiveCfg = Debug|Any CPU
		{6595C37B-E937-4963-B69D-BF2D9F1132DC}.Debug|x86.Build.0 = Debug|Any CPU
		{6595C37B-E937-4963-B69D-BF2D9F1132DC}.Release|Any CPU.ActiveCfg = Release|Any CPU
		{6595C37B-E937-4963-B69D-BF2D9F1132DC}.Release|Any CPU.Build.0 = Release|Any CPU
		{6595C37B-E937-4963-B69D-BF2D9F1132DC}.Release|x64.ActiveCfg = Release|Any CPU
		{6595C37B-E937-4963-B69D-BF2D9F1132DC}.Release|x64.Build.0 = Release|Any CPU
		{6595C37B-E937-4963-B69D-BF2D9F1132DC}.Release|x86.ActiveCfg = Release|Any CPU
		{6595C37B-E937-4963-B69D-BF2D9F1132DC}.Release|x86.Build.0 = Release|Any CPU
	EndGlobalSection
	GlobalSection(SolutionProperties) = preSolution
		HideSolutionNode = FALSE
	EndGlobalSection
	GlobalSection(NestedProjects) = preSolution
		{A7A29C3B-0548-F4CF-837C-0B4F685C9410} = {30258541-D0D8-F3FD-D559-E63D6BF074C2}
		{3A2BE582-DD45-4243-8553-B996A1BE1F3A} = {A7A29C3B-0548-F4CF-837C-0B4F685C9410}
		{79F8BDAD-C54B-48C5-B79B-1FFCCE4B476A} = {F6B1647C-7349-B0FF-4920-3CCD5A62CE69}
		{7C424A6C-0D80-4501-B252-AC7D0DC94CDA} = {F6B1647C-7349-B0FF-4920-3CCD5A62CE69}
		{A08BE845-B69D-4A38-9006-B94A2742402F} = {7C424A6C-0D80-4501-B252-AC7D0DC94CDA}
		{0BA6B9C9-C7B0-472E-AF9D-0D5327807B92} = {7C424A6C-0D80-4501-B252-AC7D0DC94CDA}
		{4ABD0A84-51DD-4EA9-9B60-EA0D0FC9C38D} = {0BA6B9C9-C7B0-472E-AF9D-0D5327807B92}
		{A9380EFB-3E8F-41D9-B3DA-9FE2DE4F3D96} = {0BA6B9C9-C7B0-472E-AF9D-0D5327807B92}
		{962BE2C8-662D-48FF-B251-875FF5236C3A} = {F6B1647C-7349-B0FF-4920-3CCD5A62CE69}
		{48E4BAF1-8EA6-4A61-881F-5A1C703512F0} = {962BE2C8-662D-48FF-B251-875FF5236C3A}
		{F5AB39FC-82E3-4E77-B591-E6F3E6DC9759} = {962BE2C8-662D-48FF-B251-875FF5236C3A}
		{043BC64A-7B68-4D81-A602-4A5545FAE0E1} = {F5AB39FC-82E3-4E77-B591-E6F3E6DC9759}
		{91841A51-B6A4-477A-B69E-C546A2E1E058} = {F5AB39FC-82E3-4E77-B591-E6F3E6DC9759}
		{CE689F4F-DB2C-4C3F-A594-FED3B8CA7D40} = {F6B1647C-7349-B0FF-4920-3CCD5A62CE69}
		{F304D325-FE25-4068-BE02-9301B1F01101} = {CE689F4F-DB2C-4C3F-A594-FED3B8CA7D40}
		{315BEEED-445B-40A7-8149-4179AB01A549} = {CE689F4F-DB2C-4C3F-A594-FED3B8CA7D40}
		{DEE97DF3-B972-47A9-B425-222162E29F3A} = {315BEEED-445B-40A7-8149-4179AB01A549}
		{6595C37B-E937-4963-B69D-BF2D9F1132DC} = {315BEEED-445B-40A7-8149-4179AB01A549}
	EndGlobalSection
EndGlobal
