
Microsoft Visual Studio Solution File, Format Version 12.00
# Visual Studio Version 17
VisualStudioVersion = 17.0.31903.59
MinimumVisualStudioVersion = 10.0.40219.1
Project("{2150E333-8FDC-42A3-9474-1A3956D46DE8}") = "infra", "infra", "{30258541-D0D8-F3FD-D559-E63D6BF074C2}"
EndProject
Project("{2150E333-8FDC-42A3-9474-1A3956D46DE8}") = "src", "src", "{A7A29C3B-0548-F4CF-837C-0B4F685C9410}"
EndProject
Project("{FAE04EC0-301F-11D3-BF4B-00C04F79EFBC}") = "Infra", "infra\src\Infra\Infra.csproj", "{3A2BE582-DD45-4243-8553-B996A1BE1F3A}"
EndProject
Project("{2150E333-8FDC-42A3-9474-1A3956D46DE8}") = "lambdas", "lambdas", "{F6B1647C-7349-B0FF-4920-3CCD5A62CE69}"
EndProject
Project("{FAE04EC0-301F-11D3-BF4B-00C04F79EFBC}") = "CreatePerson", "lambdas\CreatePerson\src\CreatePerson.csproj", "{A08BE845-B69D-4A38-9006-B94A2742402F}"
EndProject
Project("{FAE04EC0-301F-11D3-BF4B-00C04F79EFBC}") = "ListPersons", "lambdas\ListPersons\src\ListPersons.csproj", "{48E4BAF1-8EA6-4A61-881F-5A1C703512F0}"
EndProject
Project("{FAE04EC0-301F-11D3-BF4B-00C04F79EFBC}") = "PersonService.Shared", "lambdas\shared\PersonService.Shared\PersonService.Shared.csproj", "{79F8BDAD-C54B-48C5-B79B-1FFCCE4B476A}"
EndProject
Project("{FAE04EC0-301F-11D3-BF4B-00C04F79EFBC}") = "CreatePerson.Unit.Tests", "lambdas\CreatePerson\test\CreatePerson.Unit.Tests\CreatePerson.Unit.Tests.csproj", "{A9380EFB-3E8F-41D9-B3DA-9FE2DE4F3D96}"
EndProject
Project("{FAE04EC0-301F-11D3-BF4B-00C04F79EFBC}") = "CreatePerson.Integration.Tests", "lambdas\CreatePerson\test\CreatePerson.Integration.Tests\CreatePerson.Integration.Tests\CreatePerson.Integration.Tests.csproj", "{4ABD0A84-51DD-4EA9-9B60-EA0D0FC9C38D}"
EndProject
Global
	GlobalSection(SolutionConfigurationPlatforms) = preSolution
		Debug|Any CPU = Debug|Any CPU
		Debug|x64 = Debug|x64
		Debug|x86 = Debug|x86
		Release|Any CPU = Release|Any CPU
		Release|x64 = Release|x64
		Release|x86 = Release|x86
	EndGlobalSection
	GlobalSection(ProjectConfigurationPlatforms) = postSolution
		{3A2BE582-DD45-4243-8553-B996A1BE1F3A}.Debug|Any CPU.ActiveCfg = Debug|Any CPU
		{3A2BE582-DD45-4243-8553-B996A1BE1F3A}.Debug|Any CPU.Build.0 = Debug|Any CPU
		{3A2BE582-DD45-4243-8553-B996A1BE1F3A}.Debug|x64.ActiveCfg = Debug|Any CPU
		{3A2BE582-DD45-4243-8553-B996A1BE1F3A}.Debug|x64.Build.0 = Debug|Any CPU
		{3A2BE582-DD45-4243-8553-B996A1BE1F3A}.Debug|x86.ActiveCfg = Debug|Any CPU
		{3A2BE582-DD45-4243-8553-B996A1BE1F3A}.Debug|x86.Build.0 = Debug|Any CPU
		{3A2BE582-DD45-4243-8553-B996A1BE1F3A}.Release|Any CPU.ActiveCfg = Release|Any CPU
		{3A2BE582-DD45-4243-8553-B996A1BE1F3A}.Release|Any CPU.Build.0 = Release|Any CPU
		{3A2BE582-DD45-4243-8553-B996A1BE1F3A}.Release|x64.ActiveCfg = Release|Any CPU
		{3A2BE582-DD45-4243-8553-B996A1BE1F3A}.Release|x64.Build.0 = Release|Any CPU
		{3A2BE582-DD45-4243-8553-B996A1BE1F3A}.Release|x86.ActiveCfg = Release|Any CPU
		{3A2BE582-DD45-4243-8553-B996A1BE1F3A}.Release|x86.Build.0 = Release|Any CPU
		{A08BE845-B69D-4A38-9006-B94A2742402F}.Debug|Any CPU.ActiveCfg = Debug|Any CPU
		{A08BE845-B69D-4A38-9006-B94A2742402F}.Debug|Any CPU.Build.0 = Debug|Any CPU
		{A08BE845-B69D-4A38-9006-B94A2742402F}.Debug|x64.ActiveCfg = Debug|Any CPU
		{A08BE845-B69D-4A38-9006-B94A2742402F}.Debug|x64.Build.0 = Debug|Any CPU
		{A08BE845-B69D-4A38-9006-B94A2742402F}.Debug|x86.ActiveCfg = Debug|Any CPU
		{A08BE845-B69D-4A38-9006-B94A2742402F}.Debug|x86.Build.0 = Debug|Any CPU
		{A08BE845-B69D-4A38-9006-B94A2742402F}.Release|Any CPU.ActiveCfg = Release|Any CPU
		{A08BE845-B69D-4A38-9006-B94A2742402F}.Release|Any CPU.Build.0 = Release|Any CPU
		{A08BE845-B69D-4A38-9006-B94A2742402F}.Release|x64.ActiveCfg = Release|Any CPU
		{A08BE845-B69D-4A38-9006-B94A2742402F}.Release|x64.Build.0 = Release|Any CPU
		{A08BE845-B69D-4A38-9006-B94A2742402F}.Release|x86.ActiveCfg = Release|Any CPU
		{A08BE845-B69D-4A38-9006-B94A2742402F}.Release|x86.Build.0 = Release|Any CPU
		{48E4BAF1-8EA6-4A61-881F-5A1C703512F0}.Debug|Any CPU.ActiveCfg = Debug|Any CPU
		{48E4BAF1-8EA6-4A61-881F-5A1C703512F0}.Debug|Any CPU.Build.0 = Debug|Any CPU
		{48E4BAF1-8EA6-4A61-881F-5A1C703512F0}.Debug|x64.ActiveCfg = Debug|Any CPU
		{48E4BAF1-8EA6-4A61-881F-5A1C703512F0}.Debug|x64.Build.0 = Debug|Any CPU
		{48E4BAF1-8EA6-4A61-881F-5A1C703512F0}.Debug|x86.ActiveCfg = Debug|Any CPU
		{48E4BAF1-8EA6-4A61-881F-5A1C703512F0}.Debug|x86.Build.0 = Debug|Any CPU
		{48E4BAF1-8EA6-4A61-881F-5A1C703512F0}.Release|Any CPU.ActiveCfg = Release|Any CPU
		{48E4BAF1-8EA6-4A61-881F-5A1C703512F0}.Release|Any CPU.Build.0 = Release|Any CPU
		{48E4BAF1-8EA6-4A61-881F-5A1C703512F0}.Release|x64.ActiveCfg = Release|Any CPU
		{48E4BAF1-8EA6-4A61-881F-5A1C703512F0}.Release|x64.Build.0 = Release|Any CPU
		{48E4BAF1-8EA6-4A61-881F-5A1C703512F0}.Release|x86.ActiveCfg = Release|Any CPU
		{48E4BAF1-8EA6-4A61-881F-5A1C703512F0}.Release|x86.Build.0 = Release|Any CPU
		{79F8BDAD-C54B-48C5-B79B-1FFCCE4B476A}.Debug|Any CPU.ActiveCfg = Debug|Any CPU
		{79F8BDAD-C54B-48C5-B79B-1FFCCE4B476A}.Debug|Any CPU.Build.0 = Debug|Any CPU
		{79F8BDAD-C54B-48C5-B79B-1FFCCE4B476A}.Debug|x64.ActiveCfg = Debug|Any CPU
		{79F8BDAD-C54B-48C5-B79B-1FFCCE4B476A}.Debug|x64.Build.0 = Debug|Any CPU
		{79F8BDAD-C54B-48C5-B79B-1FFCCE4B476A}.Debug|x86.ActiveCfg = Debug|Any CPU
		{79F8BDAD-C54B-48C5-B79B-1FFCCE4B476A}.Debug|x86.Build.0 = Debug|Any CPU
		{79F8BDAD-C54B-48C5-B79B-1FFCCE4B476A}.Release|Any CPU.ActiveCfg = Release|Any CPU
		{79F8BDAD-C54B-48C5-B79B-1FFCCE4B476A}.Release|Any CPU.Build.0 = Release|Any CPU
		{79F8BDAD-C54B-48C5-B79B-1FFCCE4B476A}.Release|x64.ActiveCfg = Release|Any CPU
		{79F8BDAD-C54B-48C5-B79B-1FFCCE4B476A}.Release|x64.Build.0 = Release|Any CPU
		{79F8BDAD-C54B-48C5-B79B-1FFCCE4B476A}.Release|x86.ActiveCfg = Release|Any CPU
		{79F8BDAD-C54B-48C5-B79B-1FFCCE4B476A}.Release|x86.Build.0 = Release|Any CPU
		{A9380EFB-3E8F-41D9-B3DA-9FE2DE4F3D96}.Debug|Any CPU.ActiveCfg = Debug|Any CPU
		{A9380EFB-3E8F-41D9-B3DA-9FE2DE4F3D96}.Debug|Any CPU.Build.0 = Debug|Any CPU
		{A9380EFB-3E8F-41D9-B3DA-9FE2DE4F3D96}.Debug|x64.ActiveCfg = Debug|Any CPU
		{A9380EFB-3E8F-41D9-B3DA-9FE2DE4F3D96}.Debug|x64.Build.0 = Debug|Any CPU
		{A9380EFB-3E8F-41D9-B3DA-9FE2DE4F3D96}.Debug|x86.ActiveCfg = Debug|Any CPU
		{A9380EFB-3E8F-41D9-B3DA-9FE2DE4F3D96}.Debug|x86.Build.0 = Debug|Any CPU
		{A9380EFB-3E8F-41D9-B3DA-9FE2DE4F3D96}.Release|Any CPU.ActiveCfg = Release|Any CPU
		{A9380EFB-3E8F-41D9-B3DA-9FE2DE4F3D96}.Release|Any CPU.Build.0 = Release|Any CPU
		{A9380EFB-3E8F-41D9-B3DA-9FE2DE4F3D96}.Release|x64.ActiveCfg = Release|Any CPU
		{A9380EFB-3E8F-41D9-B3DA-9FE2DE4F3D96}.Release|x64.Build.0 = Release|Any CPU
		{A9380EFB-3E8F-41D9-B3DA-9FE2DE4F3D96}.Release|x86.ActiveCfg = Release|Any CPU
		{A9380EFB-3E8F-41D9-B3DA-9FE2DE4F3D96}.Release|x86.Build.0 = Release|Any CPU
		{4ABD0A84-51DD-4EA9-9B60-EA0D0FC9C38D}.Debug|Any CPU.ActiveCfg = Debug|Any CPU
		{4ABD0A84-51DD-4EA9-9B60-EA0D0FC9C38D}.Debug|Any CPU.Build.0 = Debug|Any CPU
		{4ABD0A84-51DD-4EA9-9B60-EA0D0FC9C38D}.Debug|x64.ActiveCfg = Debug|Any CPU
		{4ABD0A84-51DD-4EA9-9B60-EA0D0FC9C38D}.Debug|x64.Build.0 = Debug|Any CPU
		{4ABD0A84-51DD-4EA9-9B60-EA0D0FC9C38D}.Debug|x86.ActiveCfg = Debug|Any CPU
		{4ABD0A84-51DD-4EA9-9B60-EA0D0FC9C38D}.Debug|x86.Build.0 = Debug|Any CPU
		{4ABD0A84-51DD-4EA9-9B60-EA0D0FC9C38D}.Release|Any CPU.ActiveCfg = Release|Any CPU
		{4ABD0A84-51DD-4EA9-9B60-EA0D0FC9C38D}.Release|Any CPU.Build.0 = Release|Any CPU
		{4ABD0A84-51DD-4EA9-9B60-EA0D0FC9C38D}.Release|x64.ActiveCfg = Release|Any CPU
		{4ABD0A84-51DD-4EA9-9B60-EA0D0FC9C38D}.Release|x64.Build.0 = Release|Any CPU
		{4ABD0A84-51DD-4EA9-9B60-EA0D0FC9C38D}.Release|x86.ActiveCfg = Release|Any CPU
		{4ABD0A84-51DD-4EA9-9B60-EA0D0FC9C38D}.Release|x86.Build.0 = Release|Any CPU
	EndGlobalSection
	GlobalSection(SolutionProperties) = preSolution
		HideSolutionNode = FALSE
	EndGlobalSection
	GlobalSection(NestedProjects) = preSolution
		{A7A29C3B-0548-F4CF-837C-0B4F685C9410} = {30258541-D0D8-F3FD-D559-E63D6BF074C2}
		{3A2BE582-DD45-4243-8553-B996A1BE1F3A} = {A7A29C3B-0548-F4CF-837C-0B4F685C9410}
		{A08BE845-B69D-4A38-9006-B94A2742402F} = {F6B1647C-7349-B0FF-4920-3CCD5A62CE69}
		{48E4BAF1-8EA6-4A61-881F-5A1C703512F0} = {F6B1647C-7349-B0FF-4920-3CCD5A62CE69}
		{79F8BDAD-C54B-48C5-B79B-1FFCCE4B476A} = {F6B1647C-7349-B0FF-4920-3CCD5A62CE69}
		{A9380EFB-3E8F-41D9-B3DA-9FE2DE4F3D96} = {F6B1647C-7349-B0FF-4920-3CCD5A62CE69}
		{4ABD0A84-51DD-4EA9-9B60-EA0D0FC9C38D} = {F6B1647C-7349-B0FF-4920-3CCD5A62CE69}
	EndGlobalSection
EndGlobal
